// !$*UTF8*$!
{
	archiveVersion = 1;
	classes = {
	};
	objectVersion = 48;
	objects = {

/* Begin PBXBuildFile section */
		2364CB2F1FC8AEC0008A3B29 /* AppDelegate.swift in Sources */ = {isa = PBXBuildFile; fileRef = 2364CB2E1FC8AEC0008A3B29 /* AppDelegate.swift */; };
		2364CB341FC8AEC0008A3B29 /* Main.storyboard in Resources */ = {isa = PBXBuildFile; fileRef = 2364CB321FC8AEC0008A3B29 /* Main.storyboard */; };
		2364CB361FC8AEC0008A3B29 /* Assets.xcassets in Resources */ = {isa = PBXBuildFile; fileRef = 2364CB351FC8AEC0008A3B29 /* Assets.xcassets */; };
		2364CB391FC8AEC0008A3B29 /* LaunchScreen.storyboard in Resources */ = {isa = PBXBuildFile; fileRef = 2364CB371FC8AEC0008A3B29 /* LaunchScreen.storyboard */; };
		2364CB441FC8AEC1008A3B29 /* MovieDBTests.swift in Sources */ = {isa = PBXBuildFile; fileRef = 2364CB431FC8AEC1008A3B29 /* MovieDBTests.swift */; };
		2364CB4F1FC8AEC1008A3B29 /* MovieDBUITests.swift in Sources */ = {isa = PBXBuildFile; fileRef = 2364CB4E1FC8AEC1008A3B29 /* MovieDBUITests.swift */; };
		23D249A21FC8BD9700839A5D /* MoviesViewController.swift in Sources */ = {isa = PBXBuildFile; fileRef = 23D249A11FC8BD9700839A5D /* MoviesViewController.swift */; };
		23D249A31FC8BDED00839A5D /* Movie.swift in Sources */ = {isa = PBXBuildFile; fileRef = 23D249A01FC8BD4800839A5D /* Movie.swift */; };
		23D249A51FC8C81100839A5D /* MovieTableViewCell.swift in Sources */ = {isa = PBXBuildFile; fileRef = 23D249A41FC8C81100839A5D /* MovieTableViewCell.swift */; };
		23D249A71FC8C9BD00839A5D /* MoviesManager.swift in Sources */ = {isa = PBXBuildFile; fileRef = 23D249A61FC8C9BD00839A5D /* MoviesManager.swift */; };
		23D249AA1FC8CA8600839A5D /* MovieService.swift in Sources */ = {isa = PBXBuildFile; fileRef = 23D249A91FC8CA8600839A5D /* MovieService.swift */; };
		23D249AC1FC9933700839A5D /* SearchHistory.swift in Sources */ = {isa = PBXBuildFile; fileRef = 23D249AB1FC9933700839A5D /* SearchHistory.swift */; };
		23D249AE1FC9D4B600839A5D /* KeyboardHandler.swift in Sources */ = {isa = PBXBuildFile; fileRef = 23D249AD1FC9D4B600839A5D /* KeyboardHandler.swift */; };
		23D249B11FCA100900839A5D /* Extension+String.swift in Sources */ = {isa = PBXBuildFile; fileRef = 23D249B01FCA100900839A5D /* Extension+String.swift */; };
		23D249B81FCA1B3300839A5D /* Extension+UIViewController.swift in Sources */ = {isa = PBXBuildFile; fileRef = 23D249B71FCA1B3300839A5D /* Extension+UIViewController.swift */; };
		23D249BA1FCA1C0900839A5D /* APIConfiguration.swift in Sources */ = {isa = PBXBuildFile; fileRef = 23D249B91FCA1C0900839A5D /* APIConfiguration.swift */; };
		778023C7641141314F1C9F0B /* Pods_MovieDB.framework in Frameworks */ = {isa = PBXBuildFile; fileRef = 6B3981D858741852B03A0180 /* Pods_MovieDB.framework */; };
		794E3C18F10F98335575C8F3 /* Pods_MovieDBTests.framework in Frameworks */ = {isa = PBXBuildFile; fileRef = B2CC38A91A6773D148959F39 /* Pods_MovieDBTests.framework */; };
		C0D3F602D09046263D0E4B6D /* Pods_MovieDBUITests.framework in Frameworks */ = {isa = PBXBuildFile; fileRef = BBF1A1EBAAF2EC734F675133 /* Pods_MovieDBUITests.framework */; };
/* End PBXBuildFile section */

/* Begin PBXContainerItemProxy section */
		2364CB401FC8AEC1008A3B29 /* PBXContainerItemProxy */ = {
			isa = PBXContainerItemProxy;
			containerPortal = 2364CB231FC8AEC0008A3B29 /* Project object */;
			proxyType = 1;
			remoteGlobalIDString = 2364CB2A1FC8AEC0008A3B29;
			remoteInfo = MovieDB;
		};
		2364CB4B1FC8AEC1008A3B29 /* PBXContainerItemProxy */ = {
			isa = PBXContainerItemProxy;
			containerPortal = 2364CB231FC8AEC0008A3B29 /* Project object */;
			proxyType = 1;
			remoteGlobalIDString = 2364CB2A1FC8AEC0008A3B29;
			remoteInfo = MovieDB;
		};
/* End PBXContainerItemProxy section */

/* Begin PBXFileReference section */
		2364CB2B1FC8AEC0008A3B29 /* MovieDB.app */ = {isa = PBXFileReference; explicitFileType = wrapper.application; includeInIndex = 0; path = MovieDB.app; sourceTree = BUILT_PRODUCTS_DIR; };
		2364CB2E1FC8AEC0008A3B29 /* AppDelegate.swift */ = {isa = PBXFileReference; lastKnownFileType = sourcecode.swift; path = AppDelegate.swift; sourceTree = "<group>"; };
		2364CB331FC8AEC0008A3B29 /* Base */ = {isa = PBXFileReference; lastKnownFileType = file.storyboard; name = Base; path = Base.lproj/Main.storyboard; sourceTree = "<group>"; };
		2364CB351FC8AEC0008A3B29 /* Assets.xcassets */ = {isa = PBXFileReference; lastKnownFileType = folder.assetcatalog; path = Assets.xcassets; sourceTree = "<group>"; };
		2364CB381FC8AEC0008A3B29 /* Base */ = {isa = PBXFileReference; lastKnownFileType = file.storyboard; name = Base; path = Base.lproj/LaunchScreen.storyboard; sourceTree = "<group>"; };
		2364CB3A1FC8AEC0008A3B29 /* Info.plist */ = {isa = PBXFileReference; lastKnownFileType = text.plist.xml; path = Info.plist; sourceTree = "<group>"; };
		2364CB3F1FC8AEC1008A3B29 /* MovieDBTests.xctest */ = {isa = PBXFileReference; explicitFileType = wrapper.cfbundle; includeInIndex = 0; path = MovieDBTests.xctest; sourceTree = BUILT_PRODUCTS_DIR; };
		2364CB431FC8AEC1008A3B29 /* MovieDBTests.swift */ = {isa = PBXFileReference; lastKnownFileType = sourcecode.swift; path = MovieDBTests.swift; sourceTree = "<group>"; };
		2364CB451FC8AEC1008A3B29 /* Info.plist */ = {isa = PBXFileReference; lastKnownFileType = text.plist.xml; path = Info.plist; sourceTree = "<group>"; };
		2364CB4A1FC8AEC1008A3B29 /* MovieDBUITests.xctest */ = {isa = PBXFileReference; explicitFileType = wrapper.cfbundle; includeInIndex = 0; path = MovieDBUITests.xctest; sourceTree = BUILT_PRODUCTS_DIR; };
		2364CB4E1FC8AEC1008A3B29 /* MovieDBUITests.swift */ = {isa = PBXFileReference; lastKnownFileType = sourcecode.swift; path = MovieDBUITests.swift; sourceTree = "<group>"; };
		2364CB501FC8AEC1008A3B29 /* Info.plist */ = {isa = PBXFileReference; lastKnownFileType = text.plist.xml; path = Info.plist; sourceTree = "<group>"; };
		23D249A01FC8BD4800839A5D /* Movie.swift */ = {isa = PBXFileReference; lastKnownFileType = sourcecode.swift; path = Movie.swift; sourceTree = "<group>"; };
		23D249A11FC8BD9700839A5D /* MoviesViewController.swift */ = {isa = PBXFileReference; lastKnownFileType = sourcecode.swift; path = MoviesViewController.swift; sourceTree = "<group>"; };
		23D249A41FC8C81100839A5D /* MovieTableViewCell.swift */ = {isa = PBXFileReference; lastKnownFileType = sourcecode.swift; path = MovieTableViewCell.swift; sourceTree = "<group>"; };
		23D249A61FC8C9BD00839A5D /* MoviesManager.swift */ = {isa = PBXFileReference; lastKnownFileType = sourcecode.swift; path = MoviesManager.swift; sourceTree = "<group>"; };
		23D249A91FC8CA8600839A5D /* MovieService.swift */ = {isa = PBXFileReference; lastKnownFileType = sourcecode.swift; path = MovieService.swift; sourceTree = "<group>"; };
		23D249AB1FC9933700839A5D /* SearchHistory.swift */ = {isa = PBXFileReference; lastKnownFileType = sourcecode.swift; path = SearchHistory.swift; sourceTree = "<group>"; };
		23D249AD1FC9D4B600839A5D /* KeyboardHandler.swift */ = {isa = PBXFileReference; lastKnownFileType = sourcecode.swift; path = KeyboardHandler.swift; sourceTree = "<group>"; };
		23D249B01FCA100900839A5D /* Extension+String.swift */ = {isa = PBXFileReference; lastKnownFileType = sourcecode.swift; path = "Extension+String.swift"; sourceTree = "<group>"; };
		23D249B71FCA1B3300839A5D /* Extension+UIViewController.swift */ = {isa = PBXFileReference; lastKnownFileType = sourcecode.swift; path = "Extension+UIViewController.swift"; sourceTree = "<group>"; };
		23D249B91FCA1C0900839A5D /* APIConfiguration.swift */ = {isa = PBXFileReference; lastKnownFileType = sourcecode.swift; path = APIConfiguration.swift; sourceTree = "<group>"; };
		6B3981D858741852B03A0180 /* Pods_MovieDB.framework */ = {isa = PBXFileReference; explicitFileType = wrapper.framework; includeInIndex = 0; path = Pods_MovieDB.framework; sourceTree = BUILT_PRODUCTS_DIR; };
		8B126BFE83F30B4AF70CBD7B /* Pods-MovieDB.release.xcconfig */ = {isa = PBXFileReference; includeInIndex = 1; lastKnownFileType = text.xcconfig; name = "Pods-MovieDB.release.xcconfig"; path = "Pods/Target Support Files/Pods-MovieDB/Pods-MovieDB.release.xcconfig"; sourceTree = "<group>"; };
		AAC67690E59386E54F5F29E1 /* Pods-MovieDBTests.release.xcconfig */ = {isa = PBXFileReference; includeInIndex = 1; lastKnownFileType = text.xcconfig; name = "Pods-MovieDBTests.release.xcconfig"; path = "Pods/Target Support Files/Pods-MovieDBTests/Pods-MovieDBTests.release.xcconfig"; sourceTree = "<group>"; };
		B2CC38A91A6773D148959F39 /* Pods_MovieDBTests.framework */ = {isa = PBXFileReference; explicitFileType = wrapper.framework; includeInIndex = 0; path = Pods_MovieDBTests.framework; sourceTree = BUILT_PRODUCTS_DIR; };
		BBF1A1EBAAF2EC734F675133 /* Pods_MovieDBUITests.framework */ = {isa = PBXFileReference; explicitFileType = wrapper.framework; includeInIndex = 0; path = Pods_MovieDBUITests.framework; sourceTree = BUILT_PRODUCTS_DIR; };
		C3D583D02068D75FC1CFAC1E /* Pods-MovieDBUITests.debug.xcconfig */ = {isa = PBXFileReference; includeInIndex = 1; lastKnownFileType = text.xcconfig; name = "Pods-MovieDBUITests.debug.xcconfig"; path = "Pods/Target Support Files/Pods-MovieDBUITests/Pods-MovieDBUITests.debug.xcconfig"; sourceTree = "<group>"; };
		CE729B2EC813CD62F0C48163 /* Pods-MovieDBTests.debug.xcconfig */ = {isa = PBXFileReference; includeInIndex = 1; lastKnownFileType = text.xcconfig; name = "Pods-MovieDBTests.debug.xcconfig"; path = "Pods/Target Support Files/Pods-MovieDBTests/Pods-MovieDBTests.debug.xcconfig"; sourceTree = "<group>"; };
		EDBEC656C9988FCDC55C09F7 /* Pods-MovieDBUITests.release.xcconfig */ = {isa = PBXFileReference; includeInIndex = 1; lastKnownFileType = text.xcconfig; name = "Pods-MovieDBUITests.release.xcconfig"; path = "Pods/Target Support Files/Pods-MovieDBUITests/Pods-MovieDBUITests.release.xcconfig"; sourceTree = "<group>"; };
		EE70A9E73A372071E455E82C /* Pods-MovieDB.debug.xcconfig */ = {isa = PBXFileReference; includeInIndex = 1; lastKnownFileType = text.xcconfig; name = "Pods-MovieDB.debug.xcconfig"; path = "Pods/Target Support Files/Pods-MovieDB/Pods-MovieDB.debug.xcconfig"; sourceTree = "<group>"; };
/* End PBXFileReference section */

/* Begin PBXFrameworksBuildPhase section */
		2364CB281FC8AEC0008A3B29 /* Frameworks */ = {
			isa = PBXFrameworksBuildPhase;
			buildActionMask = 2147483647;
			files = (
				778023C7641141314F1C9F0B /* Pods_MovieDB.framework in Frameworks */,
			);
			runOnlyForDeploymentPostprocessing = 0;
		};
		2364CB3C1FC8AEC1008A3B29 /* Frameworks */ = {
			isa = PBXFrameworksBuildPhase;
			buildActionMask = 2147483647;
			files = (
				794E3C18F10F98335575C8F3 /* Pods_MovieDBTests.framework in Frameworks */,
			);
			runOnlyForDeploymentPostprocessing = 0;
		};
		2364CB471FC8AEC1008A3B29 /* Frameworks */ = {
			isa = PBXFrameworksBuildPhase;
			buildActionMask = 2147483647;
			files = (
				C0D3F602D09046263D0E4B6D /* Pods_MovieDBUITests.framework in Frameworks */,
			);
			runOnlyForDeploymentPostprocessing = 0;
		};
/* End PBXFrameworksBuildPhase section */

/* Begin PBXGroup section */
		08A06230E1B36EFFCEB00984 /* Frameworks */ = {
			isa = PBXGroup;
			children = (
				6B3981D858741852B03A0180 /* Pods_MovieDB.framework */,
				B2CC38A91A6773D148959F39 /* Pods_MovieDBTests.framework */,
				BBF1A1EBAAF2EC734F675133 /* Pods_MovieDBUITests.framework */,
			);
			name = Frameworks;
			sourceTree = "<group>";
		};
		2364CB221FC8AEC0008A3B29 = {
			isa = PBXGroup;
			children = (
				2364CB2D1FC8AEC0008A3B29 /* MovieDB */,
				2364CB421FC8AEC1008A3B29 /* MovieDBTests */,
				2364CB4D1FC8AEC1008A3B29 /* MovieDBUITests */,
				2364CB2C1FC8AEC0008A3B29 /* Products */,
				724561C1A31E435939E67CAD /* Pods */,
				08A06230E1B36EFFCEB00984 /* Frameworks */,
			);
			sourceTree = "<group>";
		};
		2364CB2C1FC8AEC0008A3B29 /* Products */ = {
			isa = PBXGroup;
			children = (
				2364CB2B1FC8AEC0008A3B29 /* MovieDB.app */,
				2364CB3F1FC8AEC1008A3B29 /* MovieDBTests.xctest */,
				2364CB4A1FC8AEC1008A3B29 /* MovieDBUITests.xctest */,
			);
			name = Products;
			sourceTree = "<group>";
		};
		2364CB2D1FC8AEC0008A3B29 /* MovieDB */ = {
			isa = PBXGroup;
			children = (
				23D249B61FCA1ACF00839A5D /* Storyboards */,
				23D249B31FCA1A9200839A5D /* Controllers */,
				23D249B41FCA1AA400839A5D /* View Model */,
				23D249A81FC8CA6B00839A5D /* Network */,
				23D2499F1FC8BD3900839A5D /* Model */,
				23D249B51FCA1AC000839A5D /* Cells */,
				23D249B21FCA1A7000839A5D /* Helpers */,
				23D249AF1FCA0FE600839A5D /* Extensions */,
				2364CB2E1FC8AEC0008A3B29 /* AppDelegate.swift */,
				2364CB351FC8AEC0008A3B29 /* Assets.xcassets */,
				2364CB3A1FC8AEC0008A3B29 /* Info.plist */,
				23D249B91FCA1C0900839A5D /* APIConfiguration.swift */,
			);
			path = MovieDB;
			sourceTree = "<group>";
		};
		2364CB421FC8AEC1008A3B29 /* MovieDBTests */ = {
			isa = PBXGroup;
			children = (
				2364CB431FC8AEC1008A3B29 /* MovieDBTests.swift */,
				2364CB451FC8AEC1008A3B29 /* Info.plist */,
			);
			path = MovieDBTests;
			sourceTree = "<group>";
		};
		2364CB4D1FC8AEC1008A3B29 /* MovieDBUITests */ = {
			isa = PBXGroup;
			children = (
				2364CB4E1FC8AEC1008A3B29 /* MovieDBUITests.swift */,
				2364CB501FC8AEC1008A3B29 /* Info.plist */,
			);
			path = MovieDBUITests;
			sourceTree = "<group>";
		};
		23D2499F1FC8BD3900839A5D /* Model */ = {
			isa = PBXGroup;
			children = (
				23D249A01FC8BD4800839A5D /* Movie.swift */,
				23D249AB1FC9933700839A5D /* SearchHistory.swift */,
			);
			path = Model;
			sourceTree = "<group>";
		};
		23D249A81FC8CA6B00839A5D /* Network */ = {
			isa = PBXGroup;
			children = (
				23D249A91FC8CA8600839A5D /* MovieService.swift */,
			);
			path = Network;
			sourceTree = "<group>";
		};
		23D249AF1FCA0FE600839A5D /* Extensions */ = {
			isa = PBXGroup;
			children = (
				23D249B01FCA100900839A5D /* Extension+String.swift */,
				23D249B71FCA1B3300839A5D /* Extension+UIViewController.swift */,
			);
			path = Extensions;
			sourceTree = "<group>";
		};
		23D249B21FCA1A7000839A5D /* Helpers */ = {
			isa = PBXGroup;
			children = (
				23D249AD1FC9D4B600839A5D /* KeyboardHandler.swift */,
			);
			path = Helpers;
			sourceTree = "<group>";
		};
		23D249B31FCA1A9200839A5D /* Controllers */ = {
			isa = PBXGroup;
			children = (
				23D249A11FC8BD9700839A5D /* MoviesViewController.swift */,
			);
			path = Controllers;
			sourceTree = "<group>";
		};
		23D249B41FCA1AA400839A5D /* View Model */ = {
			isa = PBXGroup;
			children = (
				23D249A61FC8C9BD00839A5D /* MoviesManager.swift */,
			);
			path = "View Model";
			sourceTree = "<group>";
		};
		23D249B51FCA1AC000839A5D /* Cells */ = {
			isa = PBXGroup;
			children = (
				23D249A41FC8C81100839A5D /* MovieTableViewCell.swift */,
			);
			path = Cells;
			sourceTree = "<group>";
		};
		23D249B61FCA1ACF00839A5D /* Storyboards */ = {
			isa = PBXGroup;
			children = (
				2364CB371FC8AEC0008A3B29 /* LaunchScreen.storyboard */,
				2364CB321FC8AEC0008A3B29 /* Main.storyboard */,
			);
			path = Storyboards;
			sourceTree = "<group>";
		};
		724561C1A31E435939E67CAD /* Pods */ = {
			isa = PBXGroup;
			children = (
				EE70A9E73A372071E455E82C /* Pods-MovieDB.debug.xcconfig */,
				8B126BFE83F30B4AF70CBD7B /* Pods-MovieDB.release.xcconfig */,
				CE729B2EC813CD62F0C48163 /* Pods-MovieDBTests.debug.xcconfig */,
				AAC67690E59386E54F5F29E1 /* Pods-MovieDBTests.release.xcconfig */,
				C3D583D02068D75FC1CFAC1E /* Pods-MovieDBUITests.debug.xcconfig */,
				EDBEC656C9988FCDC55C09F7 /* Pods-MovieDBUITests.release.xcconfig */,
			);
			name = Pods;
			sourceTree = "<group>";
		};
/* End PBXGroup section */

/* Begin PBXNativeTarget section */
		2364CB2A1FC8AEC0008A3B29 /* MovieDB */ = {
			isa = PBXNativeTarget;
			buildConfigurationList = 2364CB531FC8AEC1008A3B29 /* Build configuration list for PBXNativeTarget "MovieDB" */;
			buildPhases = (
				F46606469109112B7777974E /* [CP] Check Pods Manifest.lock */,
				2364CB271FC8AEC0008A3B29 /* Sources */,
				2364CB281FC8AEC0008A3B29 /* Frameworks */,
				2364CB291FC8AEC0008A3B29 /* Resources */,
				F3DC944F656628CE283111F2 /* [CP] Embed Pods Frameworks */,
				805AA46B939F62B8C9B89490 /* [CP] Copy Pods Resources */,
			);
			buildRules = (
			);
			dependencies = (
			);
			name = MovieDB;
			productName = MovieDB;
			productReference = 2364CB2B1FC8AEC0008A3B29 /* MovieDB.app */;
			productType = "com.apple.product-type.application";
		};
		2364CB3E1FC8AEC1008A3B29 /* MovieDBTests */ = {
			isa = PBXNativeTarget;
			buildConfigurationList = 2364CB561FC8AEC1008A3B29 /* Build configuration list for PBXNativeTarget "MovieDBTests" */;
			buildPhases = (
				0C25EA3E5BA3BA8ED1EF2D3B /* [CP] Check Pods Manifest.lock */,
				2364CB3B1FC8AEC1008A3B29 /* Sources */,
				2364CB3C1FC8AEC1008A3B29 /* Frameworks */,
				2364CB3D1FC8AEC1008A3B29 /* Resources */,
				396C86303E3AD1C5E0D56421 /* [CP] Embed Pods Frameworks */,
				A9168A5BE0CAFD2883285F99 /* [CP] Copy Pods Resources */,
			);
			buildRules = (
			);
			dependencies = (
				2364CB411FC8AEC1008A3B29 /* PBXTargetDependency */,
			);
			name = MovieDBTests;
			productName = MovieDBTests;
			productReference = 2364CB3F1FC8AEC1008A3B29 /* MovieDBTests.xctest */;
			productType = "com.apple.product-type.bundle.unit-test";
		};
		2364CB491FC8AEC1008A3B29 /* MovieDBUITests */ = {
			isa = PBXNativeTarget;
			buildConfigurationList = 2364CB591FC8AEC1008A3B29 /* Build configuration list for PBXNativeTarget "MovieDBUITests" */;
			buildPhases = (
				10F28F0216EB38A56ED93B25 /* [CP] Check Pods Manifest.lock */,
				2364CB461FC8AEC1008A3B29 /* Sources */,
				2364CB471FC8AEC1008A3B29 /* Frameworks */,
				2364CB481FC8AEC1008A3B29 /* Resources */,
				89702BC25DA72BB221AA01A4 /* [CP] Embed Pods Frameworks */,
				113D22035D22B34D40DF4448 /* [CP] Copy Pods Resources */,
			);
			buildRules = (
			);
			dependencies = (
				2364CB4C1FC8AEC1008A3B29 /* PBXTargetDependency */,
			);
			name = MovieDBUITests;
			productName = MovieDBUITests;
			productReference = 2364CB4A1FC8AEC1008A3B29 /* MovieDBUITests.xctest */;
			productType = "com.apple.product-type.bundle.ui-testing";
		};
/* End PBXNativeTarget section */

/* Begin PBXProject section */
		2364CB231FC8AEC0008A3B29 /* Project object */ = {
			isa = PBXProject;
			attributes = {
				LastSwiftUpdateCheck = 0900;
				LastUpgradeCheck = 0900;
				ORGANIZATIONNAME = "Daniyal Raza";
				TargetAttributes = {
					2364CB2A1FC8AEC0008A3B29 = {
						CreatedOnToolsVersion = 9.0;
						ProvisioningStyle = Automatic;
					};
					2364CB3E1FC8AEC1008A3B29 = {
						CreatedOnToolsVersion = 9.0;
						ProvisioningStyle = Automatic;
						TestTargetID = 2364CB2A1FC8AEC0008A3B29;
					};
					2364CB491FC8AEC1008A3B29 = {
						CreatedOnToolsVersion = 9.0;
						ProvisioningStyle = Automatic;
						TestTargetID = 2364CB2A1FC8AEC0008A3B29;
					};
				};
			};
			buildConfigurationList = 2364CB261FC8AEC0008A3B29 /* Build configuration list for PBXProject "MovieDB" */;
			compatibilityVersion = "Xcode 8.0";
			developmentRegion = en;
			hasScannedForEncodings = 0;
			knownRegions = (
				en,
				Base,
			);
			mainGroup = 2364CB221FC8AEC0008A3B29;
			productRefGroup = 2364CB2C1FC8AEC0008A3B29 /* Products */;
			projectDirPath = "";
			projectRoot = "";
			targets = (
				2364CB2A1FC8AEC0008A3B29 /* MovieDB */,
				2364CB3E1FC8AEC1008A3B29 /* MovieDBTests */,
				2364CB491FC8AEC1008A3B29 /* MovieDBUITests */,
			);
		};
/* End PBXProject section */

/* Begin PBXResourcesBuildPhase section */
		2364CB291FC8AEC0008A3B29 /* Resources */ = {
			isa = PBXResourcesBuildPhase;
			buildActionMask = 2147483647;
			files = (
				2364CB391FC8AEC0008A3B29 /* LaunchScreen.storyboard in Resources */,
				2364CB361FC8AEC0008A3B29 /* Assets.xcassets in Resources */,
				2364CB341FC8AEC0008A3B29 /* Main.storyboard in Resources */,
			);
			runOnlyForDeploymentPostprocessing = 0;
		};
		2364CB3D1FC8AEC1008A3B29 /* Resources */ = {
			isa = PBXResourcesBuildPhase;
			buildActionMask = 2147483647;
			files = (
			);
			runOnlyForDeploymentPostprocessing = 0;
		};
		2364CB481FC8AEC1008A3B29 /* Resources */ = {
			isa = PBXResourcesBuildPhase;
			buildActionMask = 2147483647;
			files = (
			);
			runOnlyForDeploymentPostprocessing = 0;
		};
/* End PBXResourcesBuildPhase section */

/* Begin PBXShellScriptBuildPhase section */
		0C25EA3E5BA3BA8ED1EF2D3B /* [CP] Check Pods Manifest.lock */ = {
			isa = PBXShellScriptBuildPhase;
			buildActionMask = 2147483647;
			files = (
			);
			inputPaths = (
			);
			name = "[CP] Check Pods Manifest.lock";
			outputPaths = (
			);
			runOnlyForDeploymentPostprocessing = 0;
			shellPath = /bin/sh;
			shellScript = "diff \"${PODS_PODFILE_DIR_PATH}/Podfile.lock\" \"${PODS_ROOT}/Manifest.lock\" > /dev/null\nif [ $? != 0 ] ; then\n    # print error to STDERR\n    echo \"error: The sandbox is not in sync with the Podfile.lock. Run 'pod install' or update your CocoaPods installation.\" >&2\n    exit 1\nfi\n";
			showEnvVarsInLog = 0;
		};
		10F28F0216EB38A56ED93B25 /* [CP] Check Pods Manifest.lock */ = {
			isa = PBXShellScriptBuildPhase;
			buildActionMask = 2147483647;
			files = (
			);
			inputPaths = (
			);
			name = "[CP] Check Pods Manifest.lock";
			outputPaths = (
			);
			runOnlyForDeploymentPostprocessing = 0;
			shellPath = /bin/sh;
			shellScript = "diff \"${PODS_PODFILE_DIR_PATH}/Podfile.lock\" \"${PODS_ROOT}/Manifest.lock\" > /dev/null\nif [ $? != 0 ] ; then\n    # print error to STDERR\n    echo \"error: The sandbox is not in sync with the Podfile.lock. Run 'pod install' or update your CocoaPods installation.\" >&2\n    exit 1\nfi\n";
			showEnvVarsInLog = 0;
		};
		113D22035D22B34D40DF4448 /* [CP] Copy Pods Resources */ = {
			isa = PBXShellScriptBuildPhase;
			buildActionMask = 2147483647;
			files = (
			);
			inputPaths = (
			);
			name = "[CP] Copy Pods Resources";
			outputPaths = (
			);
			runOnlyForDeploymentPostprocessing = 0;
			shellPath = /bin/sh;
			shellScript = "\"${SRCROOT}/Pods/Target Support Files/Pods-MovieDBUITests/Pods-MovieDBUITests-resources.sh\"\n";
			showEnvVarsInLog = 0;
		};
		396C86303E3AD1C5E0D56421 /* [CP] Embed Pods Frameworks */ = {
			isa = PBXShellScriptBuildPhase;
			buildActionMask = 2147483647;
			files = (
			);
			inputPaths = (
			);
			name = "[CP] Embed Pods Frameworks";
			outputPaths = (
			);
			runOnlyForDeploymentPostprocessing = 0;
			shellPath = /bin/sh;
			shellScript = "\"${SRCROOT}/Pods/Target Support Files/Pods-MovieDBTests/Pods-MovieDBTests-frameworks.sh\"\n";
			showEnvVarsInLog = 0;
		};
		805AA46B939F62B8C9B89490 /* [CP] Copy Pods Resources */ = {
			isa = PBXShellScriptBuildPhase;
			buildActionMask = 2147483647;
			files = (
			);
			inputPaths = (
			);
			name = "[CP] Copy Pods Resources";
			outputPaths = (
			);
			runOnlyForDeploymentPostprocessing = 0;
			shellPath = /bin/sh;
			shellScript = "\"${SRCROOT}/Pods/Target Support Files/Pods-MovieDB/Pods-MovieDB-resources.sh\"\n";
			showEnvVarsInLog = 0;
		};
		89702BC25DA72BB221AA01A4 /* [CP] Embed Pods Frameworks */ = {
			isa = PBXShellScriptBuildPhase;
			buildActionMask = 2147483647;
			files = (
			);
			inputPaths = (
			);
			name = "[CP] Embed Pods Frameworks";
			outputPaths = (
			);
			runOnlyForDeploymentPostprocessing = 0;
			shellPath = /bin/sh;
			shellScript = "\"${SRCROOT}/Pods/Target Support Files/Pods-MovieDBUITests/Pods-MovieDBUITests-frameworks.sh\"\n";
			showEnvVarsInLog = 0;
		};
		A9168A5BE0CAFD2883285F99 /* [CP] Copy Pods Resources */ = {
			isa = PBXShellScriptBuildPhase;
			buildActionMask = 2147483647;
			files = (
			);
			inputPaths = (
			);
			name = "[CP] Copy Pods Resources";
			outputPaths = (
			);
			runOnlyForDeploymentPostprocessing = 0;
			shellPath = /bin/sh;
			shellScript = "\"${SRCROOT}/Pods/Target Support Files/Pods-MovieDBTests/Pods-MovieDBTests-resources.sh\"\n";
			showEnvVarsInLog = 0;
		};
		F3DC944F656628CE283111F2 /* [CP] Embed Pods Frameworks */ = {
			isa = PBXShellScriptBuildPhase;
			buildActionMask = 2147483647;
			files = (
			);
			inputPaths = (
			);
			name = "[CP] Embed Pods Frameworks";
			outputPaths = (
			);
			runOnlyForDeploymentPostprocessing = 0;
			shellPath = /bin/sh;
			shellScript = "\"${SRCROOT}/Pods/Target Support Files/Pods-MovieDB/Pods-MovieDB-frameworks.sh\"\n";
			showEnvVarsInLog = 0;
		};
		F46606469109112B7777974E /* [CP] Check Pods Manifest.lock */ = {
			isa = PBXShellScriptBuildPhase;
			buildActionMask = 2147483647;
			files = (
			);
			inputPaths = (
			);
			name = "[CP] Check Pods Manifest.lock";
			outputPaths = (
			);
			runOnlyForDeploymentPostprocessing = 0;
			shellPath = /bin/sh;
			shellScript = "diff \"${PODS_PODFILE_DIR_PATH}/Podfile.lock\" \"${PODS_ROOT}/Manifest.lock\" > /dev/null\nif [ $? != 0 ] ; then\n    # print error to STDERR\n    echo \"error: The sandbox is not in sync with the Podfile.lock. Run 'pod install' or update your CocoaPods installation.\" >&2\n    exit 1\nfi\n";
			showEnvVarsInLog = 0;
		};
/* End PBXShellScriptBuildPhase section */

/* Begin PBXSourcesBuildPhase section */
		2364CB271FC8AEC0008A3B29 /* Sources */ = {
			isa = PBXSourcesBuildPhase;
			buildActionMask = 2147483647;
			files = (
				23D249AA1FC8CA8600839A5D /* MovieService.swift in Sources */,
				23D249A71FC8C9BD00839A5D /* MoviesManager.swift in Sources */,
				2364CB2F1FC8AEC0008A3B29 /* AppDelegate.swift in Sources */,
				23D249AC1FC9933700839A5D /* SearchHistory.swift in Sources */,
				23D249A21FC8BD9700839A5D /* MoviesViewController.swift in Sources */,
				23D249B11FCA100900839A5D /* Extension+String.swift in Sources */,
				23D249A51FC8C81100839A5D /* MovieTableViewCell.swift in Sources */,
				23D249BA1FCA1C0900839A5D /* APIConfiguration.swift in Sources */,
				23D249A31FC8BDED00839A5D /* Movie.swift in Sources */,
				23D249B81FCA1B3300839A5D /* Extension+UIViewController.swift in Sources */,
				23D249AE1FC9D4B600839A5D /* KeyboardHandler.swift in Sources */,
			);
			runOnlyForDeploymentPostprocessing = 0;
		};
		2364CB3B1FC8AEC1008A3B29 /* Sources */ = {
			isa = PBXSourcesBuildPhase;
			buildActionMask = 2147483647;
			files = (
				2364CB441FC8AEC1008A3B29 /* MovieDBTests.swift in Sources */,
			);
			runOnlyForDeploymentPostprocessing = 0;
		};
		2364CB461FC8AEC1008A3B29 /* Sources */ = {
			isa = PBXSourcesBuildPhase;
			buildActionMask = 2147483647;
			files = (
				2364CB4F1FC8AEC1008A3B29 /* MovieDBUITests.swift in Sources */,
			);
			runOnlyForDeploymentPostprocessing = 0;
		};
/* End PBXSourcesBuildPhase section */

/* Begin PBXTargetDependency section */
		2364CB411FC8AEC1008A3B29 /* PBXTargetDependency */ = {
			isa = PBXTargetDependency;
			target = 2364CB2A1FC8AEC0008A3B29 /* MovieDB */;
			targetProxy = 2364CB401FC8AEC1008A3B29 /* PBXContainerItemProxy */;
		};
		2364CB4C1FC8AEC1008A3B29 /* PBXTargetDependency */ = {
			isa = PBXTargetDependency;
			target = 2364CB2A1FC8AEC0008A3B29 /* MovieDB */;
			targetProxy = 2364CB4B1FC8AEC1008A3B29 /* PBXContainerItemProxy */;
		};
/* End PBXTargetDependency section */

/* Begin PBXVariantGroup section */
		2364CB321FC8AEC0008A3B29 /* Main.storyboard */ = {
			isa = PBXVariantGroup;
			children = (
				2364CB331FC8AEC0008A3B29 /* Base */,
			);
			name = Main.storyboard;
			sourceTree = "<group>";
		};
		2364CB371FC8AEC0008A3B29 /* LaunchScreen.storyboard */ = {
			isa = PBXVariantGroup;
			children = (
				2364CB381FC8AEC0008A3B29 /* Base */,
			);
			name = LaunchScreen.storyboard;
			sourceTree = "<group>";
		};
/* End PBXVariantGroup section */

/* Begin XCBuildConfiguration section */
		2364CB511FC8AEC1008A3B29 /* Debug */ = {
			isa = XCBuildConfiguration;
			buildSettings = {
				ALWAYS_SEARCH_USER_PATHS = NO;
				CLANG_ANALYZER_NONNULL = YES;
				CLANG_ANALYZER_NUMBER_OBJECT_CONVERSION = YES_AGGRESSIVE;
				CLANG_CXX_LANGUAGE_STANDARD = "gnu++14";
				CLANG_CXX_LIBRARY = "libc++";
				CLANG_ENABLE_MODULES = YES;
				CLANG_ENABLE_OBJC_ARC = YES;
				CLANG_WARN_BLOCK_CAPTURE_AUTORELEASING = YES;
				CLANG_WARN_BOOL_CONVERSION = YES;
				CLANG_WARN_COMMA = YES;
				CLANG_WARN_CONSTANT_CONVERSION = YES;
				CLANG_WARN_DIRECT_OBJC_ISA_USAGE = YES_ERROR;
				CLANG_WARN_DOCUMENTATION_COMMENTS = YES;
				CLANG_WARN_EMPTY_BODY = YES;
				CLANG_WARN_ENUM_CONVERSION = YES;
				CLANG_WARN_INFINITE_RECURSION = YES;
				CLANG_WARN_INT_CONVERSION = YES;
				CLANG_WARN_NON_LITERAL_NULL_CONVERSION = YES;
				CLANG_WARN_OBJC_LITERAL_CONVERSION = YES;
				CLANG_WARN_OBJC_ROOT_CLASS = YES_ERROR;
				CLANG_WARN_RANGE_LOOP_ANALYSIS = YES;
				CLANG_WARN_STRICT_PROTOTYPES = YES;
				CLANG_WARN_SUSPICIOUS_MOVE = YES;
				CLANG_WARN_UNGUARDED_AVAILABILITY = YES_AGGRESSIVE;
				CLANG_WARN_UNREACHABLE_CODE = YES;
				CLANG_WARN__DUPLICATE_METHOD_MATCH = YES;
				CODE_SIGN_IDENTITY = "iPhone Developer";
				COPY_PHASE_STRIP = NO;
				DEBUG_INFORMATION_FORMAT = dwarf;
				ENABLE_STRICT_OBJC_MSGSEND = YES;
				ENABLE_TESTABILITY = YES;
				GCC_C_LANGUAGE_STANDARD = gnu11;
				GCC_DYNAMIC_NO_PIC = NO;
				GCC_NO_COMMON_BLOCKS = YES;
				GCC_OPTIMIZATION_LEVEL = 0;
				GCC_PREPROCESSOR_DEFINITIONS = (
					"DEBUG=1",
					"$(inherited)",
				);
				GCC_WARN_64_TO_32_BIT_CONVERSION = YES;
				GCC_WARN_ABOUT_RETURN_TYPE = YES_ERROR;
				GCC_WARN_UNDECLARED_SELECTOR = YES;
				GCC_WARN_UNINITIALIZED_AUTOS = YES_AGGRESSIVE;
				GCC_WARN_UNUSED_FUNCTION = YES;
				GCC_WARN_UNUSED_VARIABLE = YES;
				IPHONEOS_DEPLOYMENT_TARGET = 11.0;
				MTL_ENABLE_DEBUG_INFO = YES;
				ONLY_ACTIVE_ARCH = YES;
				SDKROOT = iphoneos;
				SWIFT_ACTIVE_COMPILATION_CONDITIONS = DEBUG;
				SWIFT_OPTIMIZATION_LEVEL = "-Onone";
			};
			name = Debug;
		};
		2364CB521FC8AEC1008A3B29 /* Release */ = {
			isa = XCBuildConfiguration;
			buildSettings = {
				ALWAYS_SEARCH_USER_PATHS = NO;
				CLANG_ANALYZER_NONNULL = YES;
				CLANG_ANALYZER_NUMBER_OBJECT_CONVERSION = YES_AGGRESSIVE;
				CLANG_CXX_LANGUAGE_STANDARD = "gnu++14";
				CLANG_CXX_LIBRARY = "libc++";
				CLANG_ENABLE_MODULES = YES;
				CLANG_ENABLE_OBJC_ARC = YES;
				CLANG_WARN_BLOCK_CAPTURE_AUTORELEASING = YES;
				CLANG_WARN_BOOL_CONVERSION = YES;
				CLANG_WARN_COMMA = YES;
				CLANG_WARN_CONSTANT_CONVERSION = YES;
				CLANG_WARN_DIRECT_OBJC_ISA_USAGE = YES_ERROR;
				CLANG_WARN_DOCUMENTATION_COMMENTS = YES;
				CLANG_WARN_EMPTY_BODY = YES;
				CLANG_WARN_ENUM_CONVERSION = YES;
				CLANG_WARN_INFINITE_RECURSION = YES;
				CLANG_WARN_INT_CONVERSION = YES;
				CLANG_WARN_NON_LITERAL_NULL_CONVERSION = YES;
				CLANG_WARN_OBJC_LITERAL_CONVERSION = YES;
				CLANG_WARN_OBJC_ROOT_CLASS = YES_ERROR;
				CLANG_WARN_RANGE_LOOP_ANALYSIS = YES;
				CLANG_WARN_STRICT_PROTOTYPES = YES;
				CLANG_WARN_SUSPICIOUS_MOVE = YES;
				CLANG_WARN_UNGUARDED_AVAILABILITY = YES_AGGRESSIVE;
				CLANG_WARN_UNREACHABLE_CODE = YES;
				CLANG_WARN__DUPLICATE_METHOD_MATCH = YES;
				CODE_SIGN_IDENTITY = "iPhone Developer";
				COPY_PHASE_STRIP = NO;
				DEBUG_INFORMATION_FORMAT = "dwarf-with-dsym";
				ENABLE_NS_ASSERTIONS = NO;
				ENABLE_STRICT_OBJC_MSGSEND = YES;
				GCC_C_LANGUAGE_STANDARD = gnu11;
				GCC_NO_COMMON_BLOCKS = YES;
				GCC_WARN_64_TO_32_BIT_CONVERSION = YES;
				GCC_WARN_ABOUT_RETURN_TYPE = YES_ERROR;
				GCC_WARN_UNDECLARED_SELECTOR = YES;
				GCC_WARN_UNINITIALIZED_AUTOS = YES_AGGRESSIVE;
				GCC_WARN_UNUSED_FUNCTION = YES;
				GCC_WARN_UNUSED_VARIABLE = YES;
				IPHONEOS_DEPLOYMENT_TARGET = 11.0;
				MTL_ENABLE_DEBUG_INFO = NO;
				SDKROOT = iphoneos;
				SWIFT_OPTIMIZATION_LEVEL = "-Owholemodule";
				VALIDATE_PRODUCT = YES;
			};
			name = Release;
		};
		2364CB541FC8AEC1008A3B29 /* Debug */ = {
			isa = XCBuildConfiguration;
			baseConfigurationReference = EE70A9E73A372071E455E82C /* Pods-MovieDB.debug.xcconfig */;
			buildSettings = {
				ASSETCATALOG_COMPILER_APPICON_NAME = AppIcon;
				CODE_SIGN_STYLE = Automatic;
				DEVELOPMENT_TEAM = F92WBSNLJ3;
				INFOPLIST_FILE = MovieDB/Info.plist;
				LD_RUNPATH_SEARCH_PATHS = "$(inherited) @executable_path/Frameworks";
				PRODUCT_BUNDLE_IDENTIFIER = DaniyalRaza.MovieDB;
				PRODUCT_NAME = "$(TARGET_NAME)";
				SWIFT_VERSION = 4.0;
				TARGETED_DEVICE_FAMILY = "1,2";
			};
			name = Debug;
		};
		2364CB551FC8AEC1008A3B29 /* Release */ = {
			isa = XCBuildConfiguration;
			baseConfigurationReference = 8B126BFE83F30B4AF70CBD7B /* Pods-MovieDB.release.xcconfig */;
			buildSettings = {
				ASSETCATALOG_COMPILER_APPICON_NAME = AppIcon;
				CODE_SIGN_STYLE = Automatic;
				DEVELOPMENT_TEAM = F92WBSNLJ3;
				INFOPLIST_FILE = MovieDB/Info.plist;
				LD_RUNPATH_SEARCH_PATHS = "$(inherited) @executable_path/Frameworks";
				PRODUCT_BUNDLE_IDENTIFIER = DaniyalRaza.MovieDB;
				PRODUCT_NAME = "$(TARGET_NAME)";
				SWIFT_VERSION = 4.0;
				TARGETED_DEVICE_FAMILY = "1,2";
			};
			name = Release;
		};
		2364CB571FC8AEC1008A3B29 /* Debug */ = {
			isa = XCBuildConfiguration;
			baseConfigurationReference = CE729B2EC813CD62F0C48163 /* Pods-MovieDBTests.debug.xcconfig */;
			buildSettings = {
				ALWAYS_EMBED_SWIFT_STANDARD_LIBRARIES = YES;
				BUNDLE_LOADER = "$(TEST_HOST)";
				CODE_SIGN_STYLE = Automatic;
				DEVELOPMENT_TEAM = F92WBSNLJ3;
				INFOPLIST_FILE = MovieDBTests/Info.plist;
				LD_RUNPATH_SEARCH_PATHS = "$(inherited) @executable_path/Frameworks @loader_path/Frameworks";
				PRODUCT_BUNDLE_IDENTIFIER = DaniyalRaza.MovieDBTests;
				PRODUCT_NAME = "$(TARGET_NAME)";
				SWIFT_VERSION = 4.0;
				TARGETED_DEVICE_FAMILY = "1,2";
				TEST_HOST = "$(BUILT_PRODUCTS_DIR)/MovieDB.app/MovieDB";
			};
			name = Debug;
		};
		2364CB581FC8AEC1008A3B29 /* Release */ = {
			isa = XCBuildConfiguration;
			baseConfigurationReference = AAC67690E59386E54F5F29E1 /* Pods-MovieDBTests.release.xcconfig */;
			buildSettings = {
				ALWAYS_EMBED_SWIFT_STANDARD_LIBRARIES = YES;
				BUNDLE_LOADER = "$(TEST_HOST)";
				CODE_SIGN_STYLE = Automatic;
				DEVELOPMENT_TEAM = F92WBSNLJ3;
				INFOPLIST_FILE = MovieDBTests/Info.plist;
				LD_RUNPATH_SEARCH_PATHS = "$(inherited) @executable_path/Frameworks @loader_path/Frameworks";
				PRODUCT_BUNDLE_IDENTIFIER = DaniyalRaza.MovieDBTests;
				PRODUCT_NAME = "$(TARGET_NAME)";
				SWIFT_VERSION = 4.0;
				TARGETED_DEVICE_FAMILY = "1,2";
				TEST_HOST = "$(BUILT_PRODUCTS_DIR)/MovieDB.app/MovieDB";
			};
			name = Release;
		};
		2364CB5A1FC8AEC1008A3B29 /* Debug */ = {
			isa = XCBuildConfiguration;
			baseConfigurationReference = C3D583D02068D75FC1CFAC1E /* Pods-MovieDBUITests.debug.xcconfig */;
			buildSettings = {
				ALWAYS_EMBED_SWIFT_STANDARD_LIBRARIES = YES;
				CODE_SIGN_STYLE = Automatic;
				DEVELOPMENT_TEAM = F92WBSNLJ3;
				INFOPLIST_FILE = MovieDBUITests/Info.plist;
				LD_RUNPATH_SEARCH_PATHS = "$(inherited) @executable_path/Frameworks @loader_path/Frameworks";
				PRODUCT_BUNDLE_IDENTIFIER = DaniyalRaza.MovieDBUITests;
				PRODUCT_NAME = "$(TARGET_NAME)";
				SWIFT_VERSION = 4.0;
				TARGETED_DEVICE_FAMILY = "1,2";
				TEST_TARGET_NAME = MovieDB;
			};
			name = Debug;
		};
		2364CB5B1FC8AEC1008A3B29 /* Release */ = {
			isa = XCBuildConfiguration;
			baseConfigurationReference = EDBEC656C9988FCDC55C09F7 /* Pods-MovieDBUITests.release.xcconfig */;
			buildSettings = {
				ALWAYS_EMBED_SWIFT_STANDARD_LIBRARIES = YES;
				CODE_SIGN_STYLE = Automatic;
				DEVELOPMENT_TEAM = F92WBSNLJ3;
				INFOPLIST_FILE = MovieDBUITests/Info.plist;
				LD_RUNPATH_SEARCH_PATHS = "$(inherited) @executable_path/Frameworks @loader_path/Frameworks";
				PRODUCT_BUNDLE_IDENTIFIER = DaniyalRaza.MovieDBUITests;
				PRODUCT_NAME = "$(TARGET_NAME)";
				SWIFT_VERSION = 4.0;
				TARGETED_DEVICE_FAMILY = "1,2";
				TEST_TARGET_NAME = MovieDB;
			};
			name = Release;
		};
/* End XCBuildConfiguration section */

/* Begin XCConfigurationList section */
		2364CB261FC8AEC0008A3B29 /* Build configuration list for PBXProject "MovieDB" */ = {
			isa = XCConfigurationList;
			buildConfigurations = (
				2364CB511FC8AEC1008A3B29 /* Debug */,
				2364CB521FC8AEC1008A3B29 /* Release */,
			);
			defaultConfigurationIsVisible = 0;
			defaultConfigurationName = Release;
		};
		2364CB531FC8AEC1008A3B29 /* Build configuration list for PBXNativeTarget "MovieDB" */ = {
			isa = XCConfigurationList;
			buildConfigurations = (
				2364CB541FC8AEC1008A3B29 /* Debug */,
				2364CB551FC8AEC1008A3B29 /* Release */,
			);
			defaultConfigurationIsVisible = 0;
			defaultConfigurationName = Release;
		};
		2364CB561FC8AEC1008A3B29 /* Build configuration list for PBXNativeTarget "MovieDBTests" */ = {
			isa = XCConfigurationList;
			buildConfigurations = (
				2364CB571FC8AEC1008A3B29 /* Debug */,
				2364CB581FC8AEC1008A3B29 /* Release */,
			);
			defaultConfigurationIsVisible = 0;
			defaultConfigurationName = Release;
		};
		2364CB591FC8AEC1008A3B29 /* Build configuration list for PBXNativeTarget "MovieDBUITests" */ = {
			isa = XCConfigurationList;
			buildConfigurations = (
				2364CB5A1FC8AEC1008A3B29 /* Debug */,
				2364CB5B1FC8AEC1008A3B29 /* Release */,
			);
			defaultConfigurationIsVisible = 0;
			defaultConfigurationName = Release;
		};
/* End XCConfigurationList section */
	};
	rootObject = 2364CB231FC8AEC0008A3B29 /* Project object */;
}
